
Microsoft Visual Studio Solution File, Format Version 12.00
Project("{FAE04EC0-301F-11D3-BF4B-00C04F79EFBC}") = "Ap", "Ap.csproj", "{13F546B1-C4D4-4436-9363-6FDA191E9C58}"
EndProject
Project("{FAE04EC0-301F-11D3-BF4B-00C04F79EFBC}") = "Assignment01", "Assignment01\Assignment01.csproj", "{E6C365D5-04FA-4A79-8477-68CAA534C77D}"
EndProject
Project("{FAE04EC0-301F-11D3-BF4B-00C04F79EFBC}") = "LabSession02", "LabSession02\LabSession02.csproj", "{9B069DF2-1108-4FA4-AE8D-FEDF80DFBBD1}"
EndProject
Project("{FAE04EC0-301F-11D3-BF4B-00C04F79EFBC}") = "Assignment03", "Assignment03\Assignment03.csproj", "{0A4D9ADE-1662-458E-A49A-5A5EC88B4642}"
EndProject
Global
	GlobalSection(SolutionConfigurationPlatforms) = preSolution
		Debug|Any CPU = Debug|Any CPU
		Release|Any CPU = Release|Any CPU
	EndGlobalSection
	GlobalSection(ProjectConfigurationPlatforms) = postSolution
		{13F546B1-C4D4-4436-9363-6FDA191E9C58}.Debug|Any CPU.ActiveCfg = Debug|Any CPU
		{13F546B1-C4D4-4436-9363-6FDA191E9C58}.Debug|Any CPU.Build.0 = Debug|Any CPU
		{13F546B1-C4D4-4436-9363-6FDA191E9C58}.Release|Any CPU.ActiveCfg = Release|Any CPU
		{13F546B1-C4D4-4436-9363-6FDA191E9C58}.Release|Any CPU.Build.0 = Release|Any CPU
		{E6C365D5-04FA-4A79-8477-68CAA534C77D}.Debug|Any CPU.ActiveCfg = Debug|Any CPU
		{E6C365D5-04FA-4A79-8477-68CAA534C77D}.Debug|Any CPU.Build.0 = Debug|Any CPU
		{E6C365D5-04FA-4A79-8477-68CAA534C77D}.Release|Any CPU.ActiveCfg = Release|Any CPU
		{E6C365D5-04FA-4A79-8477-68CAA534C77D}.Release|Any CPU.Build.0 = Release|Any CPU
		{9B069DF2-1108-4FA4-AE8D-FEDF80DFBBD1}.Debug|Any CPU.ActiveCfg = Debug|Any CPU
		{9B069DF2-1108-4FA4-AE8D-FEDF80DFBBD1}.Debug|Any CPU.Build.0 = Debug|Any CPU
		{9B069DF2-1108-4FA4-AE8D-FEDF80DFBBD1}.Release|Any CPU.ActiveCfg = Release|Any CPU
		{9B069DF2-1108-4FA4-AE8D-FEDF80DFBBD1}.Release|Any CPU.Build.0 = Release|Any CPU
		{0A4D9ADE-1662-458E-A49A-5A5EC88B4642}.Debug|Any CPU.ActiveCfg = Debug|Any CPU
		{0A4D9ADE-1662-458E-A49A-5A5EC88B4642}.Debug|Any CPU.Build.0 = Debug|Any CPU
		{0A4D9ADE-1662-458E-A49A-5A5EC88B4642}.Release|Any CPU.ActiveCfg = Release|Any CPU
		{0A4D9ADE-1662-458E-A49A-5A5EC88B4642}.Release|Any CPU.Build.0 = Release|Any CPU
	EndGlobalSection
EndGlobal
